# @generated by Move, please check-in and do not edit manually.

[move]
version = 3
manifest_digest = "AD70B9E3067FED3E80526B6A751D76BD6DF9507E75A0DA294D596510CF606075"
deps_digest = "F8BBB0CCB2491CA29A3DF03D6F92277A4F3574266507ACD77214D37ECA3F3082"
dependencies = [
  { id = "Sui", name = "Sui" },
]

[[move.package]]
id = "MoveStdlib"
source = { git = "https://github.com/MystenLabs/sui.git", rev = "framework/testnet", subdir = "crates/sui-framework/packages/move-stdlib" }

[[move.package]]
id = "Sui"
source = { git = "https://github.com/MystenLabs/sui.git", rev = "framework/testnet", subdir = "crates/sui-framework/packages/sui-framework" }

dependencies = [
  { id = "MoveStdlib", name = "MoveStdlib" },
]

[move.toolchain-version]
compiler-version = "1.42.1"
edition = "2024.beta"
flavor = "sui"

[env]

[env.testnet]
chain-id = "4c78adac"
original-published-id = "0x2cc2b06fbe99f31b9a39d868b9519655b81ed212c71b9a60f1fbf5d5996bc2fe"
latest-published-id = "0x2cc2b06fbe99f31b9a39d868b9519655b81ed212c71b9a60f1fbf5d5996bc2fe"
published-version = "1"
