# @generated by Move, please check-in and do not edit manually.

[move]
version = 3
manifest_digest = "AD70B9E3067FED3E80526B6A751D76BD6DF9507E75A0DA294D596510CF606075"
deps_digest = "F8BBB0CCB2491CA29A3DF03D6F92277A4F3574266507ACD77214D37ECA3F3082"
dependencies = [
  { id = "Sui", name = "Sui" },
]

[[move.package]]
id = "MoveStdlib"
source = { git = "https://github.com/MystenLabs/sui.git", rev = "framework/testnet", subdir = "crates/sui-framework/packages/move-stdlib" }

[[move.package]]
id = "Sui"
source = { git = "https://github.com/MystenLabs/sui.git", rev = "framework/testnet", subdir = "crates/sui-framework/packages/sui-framework" }

dependencies = [
  { id = "MoveStdlib", name = "MoveStdlib" },
]

[move.toolchain-version]
compiler-version = "1.42.1"
edition = "2024.beta"
flavor = "sui"

[env]

[env.localnet]
chain-id = "06986619"
original-published-id = "0x58e82826248326190c9eb54c5ada6377c879a97305de0828ddd843c67ea3c49f"
latest-published-id = "0x58e82826248326190c9eb54c5ada6377c879a97305de0828ddd843c67ea3c49f"
published-version = "1"

[env.testnet]
chain-id = "4c78adac"
original-published-id = "0xfdcdd6616884e113454b7cb398f96f8e0376bcf4ca9f2ae93bff8dee4a8cb21e"
latest-published-id = "0xfdcdd6616884e113454b7cb398f96f8e0376bcf4ca9f2ae93bff8dee4a8cb21e"
published-version = "1"
